
Microsoft Visual Studio Solution File, Format Version 12.00
# Visual Studio Version 17
VisualStudioVersion = 17.13.35931.197 d17.13
MinimumVisualStudioVersion = 10.0.40219.1
Project("{FAE04EC0-301F-11D3-BF4B-00C04F79EFBC}") = "AgriEnergyConnect", "AgriEnergyConnect\AgriEnergyConnect.csproj", "{4437689F-526C-4118-A06E-9935C824500E}"
EndProject
Global
	GlobalSection(SolutionConfigurationPlatforms) = preSolution
		Debug|Any CPU = Debug|Any CPU
		Release|Any CPU = Release|Any CPU
	EndGlobalSection
	GlobalSection(ProjectConfigurationPlatforms) = postSolution
		{4437689F-526C-4118-A06E-9935C824500E}.Debug|Any CPU.ActiveCfg = Debug|Any CPU
		{4437689F-526C-4118-A06E-9935C824500E}.Debug|Any CPU.Build.0 = Debug|Any CPU
		{4437689F-526C-4118-A06E-9935C824500E}.Release|Any CPU.ActiveCfg = Release|Any CPU
		{4437689F-526C-4118-A06E-9935C824500E}.Release|Any CPU.Build.0 = Release|Any CPU
	EndGlobalSection
	GlobalSection(SolutionProperties) = preSolution
		HideSolutionNode = FALSE
	EndGlobalSection
	GlobalSection(ExtensibilityGlobals) = postSolution
		SolutionGuid = {C87FBFF5-F244-426D-92C5-527FE339102F}
	EndGlobalSection
EndGlobal
